// !$*UTF8*$!
{
	archiveVersion = 1;
	classes = {
	};
	objectVersion = 50;
	objects = {

/* Begin PBXBuildFile section */
		9FFE2538B7EF4EEBBA4B1462 /* libPods-PickFlavor.a in Frameworks */ = {isa = PBXBuildFile; fileRef = 891B64FEE3C65692C2C910F0 /* libPods-PickFlavor.a */; };
		FA545C1A221E8335005EB6E2 /* PickFlavor.h in Headers */ = {isa = PBXBuildFile; fileRef = FA545C18221E8335005EB6E2 /* PickFlavor.h */; settings = {ATTRIBUTES = (Public, ); }; };
		FA545C39221E8589005EB6E2 /* RGBAColorFromString.swift in Sources */ = {isa = PBXBuildFile; fileRef = FA545C2B221E8589005EB6E2 /* RGBAColorFromString.swift */; };
		FA545C3A221E8589005EB6E2 /* PickFlavorViewController.swift in Sources */ = {isa = PBXBuildFile; fileRef = FA545C2D221E8589005EB6E2 /* PickFlavorViewController.swift */; };
		FA545C3B221E8589005EB6E2 /* PickFlavorDataSource.swift in Sources */ = {isa = PBXBuildFile; fileRef = FA545C2E221E8589005EB6E2 /* PickFlavorDataSource.swift */; };
		FA545C3C221E8589005EB6E2 /* Flavor.swift in Sources */ = {isa = PBXBuildFile; fileRef = FA545C30221E8589005EB6E2 /* Flavor.swift */; };
		FA545C3D221E8589005EB6E2 /* Images.xcassets in Resources */ = {isa = PBXBuildFile; fileRef = FA545C32221E8589005EB6E2 /* Images.xcassets */; };
		FA545C3E221E8589005EB6E2 /* ScoopCell.swift in Sources */ = {isa = PBXBuildFile; fileRef = FA545C34221E8589005EB6E2 /* ScoopCell.swift */; };
		FA545C3F221E8589005EB6E2 /* ScoopView.swift in Sources */ = {isa = PBXBuildFile; fileRef = FA545C35221E8589005EB6E2 /* ScoopView.swift */; };
		FA545C40221E8589005EB6E2 /* Main.storyboard in Resources */ = {isa = PBXBuildFile; fileRef = FA545C36221E8589005EB6E2 /* Main.storyboard */; };
		FA545C41221E8589005EB6E2 /* IceCreamView.swift in Sources */ = {isa = PBXBuildFile; fileRef = FA545C38221E8589005EB6E2 /* IceCreamView.swift */; };
/* End PBXBuildFile section */

/* Begin PBXFileReference section */
		25FC1CBBDCBEB1C943DF6EBF /* Pods-PickFlavor.debug.xcconfig */ = {isa = PBXFileReference; includeInIndex = 1; lastKnownFileType = text.xcconfig; name = "Pods-PickFlavor.debug.xcconfig"; path = "Target Support Files/Pods-PickFlavor/Pods-PickFlavor.debug.xcconfig"; sourceTree = "<group>"; };
		6E79037840AD878BB0170458 /* Pods-PickFlavor.release.xcconfig */ = {isa = PBXFileReference; includeInIndex = 1; lastKnownFileType = text.xcconfig; name = "Pods-PickFlavor.release.xcconfig"; path = "Target Support Files/Pods-PickFlavor/Pods-PickFlavor.release.xcconfig"; sourceTree = "<group>"; };
		891B64FEE3C65692C2C910F0 /* libPods-PickFlavor.a */ = {isa = PBXFileReference; explicitFileType = archive.ar; includeInIndex = 0; path = "libPods-PickFlavor.a"; sourceTree = BUILT_PRODUCTS_DIR; };
		FA545C15221E8335005EB6E2 /* PickFlavor.framework */ = {isa = PBXFileReference; explicitFileType = wrapper.framework; includeInIndex = 0; path = PickFlavor.framework; sourceTree = BUILT_PRODUCTS_DIR; };
		FA545C18221E8335005EB6E2 /* PickFlavor.h */ = {isa = PBXFileReference; lastKnownFileType = sourcecode.c.h; path = PickFlavor.h; sourceTree = "<group>"; };
		FA545C19221E8335005EB6E2 /* Info.plist */ = {isa = PBXFileReference; lastKnownFileType = text.plist.xml; path = Info.plist; sourceTree = "<group>"; };
		FA545C2B221E8589005EB6E2 /* RGBAColorFromString.swift */ = {isa = PBXFileReference; fileEncoding = 4; lastKnownFileType = sourcecode.swift; path = RGBAColorFromString.swift; sourceTree = "<group>"; };
		FA545C2D221E8589005EB6E2 /* PickFlavorViewController.swift */ = {isa = PBXFileReference; fileEncoding = 4; lastKnownFileType = sourcecode.swift; path = PickFlavorViewController.swift; sourceTree = "<group>"; };
		FA545C2E221E8589005EB6E2 /* PickFlavorDataSource.swift */ = {isa = PBXFileReference; fileEncoding = 4; lastKnownFileType = sourcecode.swift; path = PickFlavorDataSource.swift; sourceTree = "<group>"; };
		FA545C30221E8589005EB6E2 /* Flavor.swift */ = {isa = PBXFileReference; fileEncoding = 4; lastKnownFileType = sourcecode.swift; path = Flavor.swift; sourceTree = "<group>"; };
		FA545C32221E8589005EB6E2 /* Images.xcassets */ = {isa = PBXFileReference; lastKnownFileType = folder.assetcatalog; path = Images.xcassets; sourceTree = "<group>"; };
		FA545C34221E8589005EB6E2 /* ScoopCell.swift */ = {isa = PBXFileReference; fileEncoding = 4; lastKnownFileType = sourcecode.swift; path = ScoopCell.swift; sourceTree = "<group>"; };
		FA545C35221E8589005EB6E2 /* ScoopView.swift */ = {isa = PBXFileReference; fileEncoding = 4; lastKnownFileType = sourcecode.swift; path = ScoopView.swift; sourceTree = "<group>"; };
		FA545C37221E8589005EB6E2 /* Base */ = {isa = PBXFileReference; lastKnownFileType = file.storyboard; name = Base; path = Base.lproj/Main.storyboard; sourceTree = "<group>"; };
		FA545C38221E8589005EB6E2 /* IceCreamView.swift */ = {isa = PBXFileReference; fileEncoding = 4; lastKnownFileType = sourcecode.swift; path = IceCreamView.swift; sourceTree = "<group>"; };
/* End PBXFileReference section */

/* Begin PBXFrameworksBuildPhase section */
		FA545C12221E8335005EB6E2 /* Frameworks */ = {
			isa = PBXFrameworksBuildPhase;
			buildActionMask = 2147483647;
			files = (
				9FFE2538B7EF4EEBBA4B1462 /* libPods-PickFlavor.a in Frameworks */,
			);
			runOnlyForDeploymentPostprocessing = 0;
		};
/* End PBXFrameworksBuildPhase section */

/* Begin PBXGroup section */
		76988607BA3977F6749FB30E /* Pods */ = {
			isa = PBXGroup;
			children = (
				25FC1CBBDCBEB1C943DF6EBF /* Pods-PickFlavor.debug.xcconfig */,
				6E79037840AD878BB0170458 /* Pods-PickFlavor.release.xcconfig */,
			);
			path = Pods;
			sourceTree = "<group>";
		};
		8F92A2A45B6BD5BB74BBC7AD /* Frameworks */ = {
			isa = PBXGroup;
			children = (
				891B64FEE3C65692C2C910F0 /* libPods-PickFlavor.a */,
			);
			name = Frameworks;
			sourceTree = "<group>";
		};
		FA545C0B221E8335005EB6E2 = {
			isa = PBXGroup;
			children = (
				FA545C17221E8335005EB6E2 /* PickFlavor */,
				FA545C16221E8335005EB6E2 /* Products */,
				76988607BA3977F6749FB30E /* Pods */,
				8F92A2A45B6BD5BB74BBC7AD /* Frameworks */,
			);
			sourceTree = "<group>";
		};
		FA545C16221E8335005EB6E2 /* Products */ = {
			isa = PBXGroup;
			children = (
				FA545C15221E8335005EB6E2 /* PickFlavor.framework */,
			);
			name = Products;
			sourceTree = "<group>";
		};
		FA545C17221E8335005EB6E2 /* PickFlavor */ = {
			isa = PBXGroup;
			children = (
				FA545C18221E8335005EB6E2 /* PickFlavor.h */,
				FA545C19221E8335005EB6E2 /* Info.plist */,
				FA545C2A221E8589005EB6E2 /* Categories */,
				FA545C2C221E8589005EB6E2 /* Controllers */,
				FA545C2F221E8589005EB6E2 /* Models */,
				FA545C31221E8589005EB6E2 /* Resources */,
				FA545C33221E8589005EB6E2 /* Views */,
			);
			path = PickFlavor;
			sourceTree = "<group>";
		};
		FA545C2A221E8589005EB6E2 /* Categories */ = {
			isa = PBXGroup;
			children = (
				FA545C2B221E8589005EB6E2 /* RGBAColorFromString.swift */,
			);
			path = Categories;
			sourceTree = "<group>";
		};
		FA545C2C221E8589005EB6E2 /* Controllers */ = {
			isa = PBXGroup;
			children = (
				FA545C2D221E8589005EB6E2 /* PickFlavorViewController.swift */,
				FA545C2E221E8589005EB6E2 /* PickFlavorDataSource.swift */,
			);
			path = Controllers;
			sourceTree = "<group>";
		};
		FA545C2F221E8589005EB6E2 /* Models */ = {
			isa = PBXGroup;
			children = (
				FA545C30221E8589005EB6E2 /* Flavor.swift */,
			);
			path = Models;
			sourceTree = "<group>";
		};
		FA545C31221E8589005EB6E2 /* Resources */ = {
			isa = PBXGroup;
			children = (
				FA545C32221E8589005EB6E2 /* Images.xcassets */,
			);
			path = Resources;
			sourceTree = "<group>";
		};
		FA545C33221E8589005EB6E2 /* Views */ = {
			isa = PBXGroup;
			children = (
				FA545C34221E8589005EB6E2 /* ScoopCell.swift */,
				FA545C35221E8589005EB6E2 /* ScoopView.swift */,
				FA545C36221E8589005EB6E2 /* Main.storyboard */,
				FA545C38221E8589005EB6E2 /* IceCreamView.swift */,
			);
			path = Views;
			sourceTree = "<group>";
		};
/* End PBXGroup section */

/* Begin PBXHeadersBuildPhase section */
		FA545C10221E8335005EB6E2 /* Headers */ = {
			isa = PBXHeadersBuildPhase;
			buildActionMask = 2147483647;
			files = (
				FA545C1A221E8335005EB6E2 /* PickFlavor.h in Headers */,
			);
			runOnlyForDeploymentPostprocessing = 0;
		};
/* End PBXHeadersBuildPhase section */

/* Begin PBXNativeTarget section */
		FA545C14221E8335005EB6E2 /* PickFlavor */ = {
			isa = PBXNativeTarget;
			buildConfigurationList = FA545C1D221E8335005EB6E2 /* Build configuration list for PBXNativeTarget "PickFlavor" */;
			buildPhases = (
				72AF29CA14E074FAC710E16C /* [CP] Check Pods Manifest.lock */,
				FA545C10221E8335005EB6E2 /* Headers */,
				FA545C11221E8335005EB6E2 /* Sources */,
				FA545C12221E8335005EB6E2 /* Frameworks */,
				FA545C13221E8335005EB6E2 /* Resources */,
			);
			buildRules = (
			);
			dependencies = (
			);
			name = PickFlavor;
			productName = PickFlavor;
			productReference = FA545C15221E8335005EB6E2 /* PickFlavor.framework */;
			productType = "com.apple.product-type.framework";
		};
/* End PBXNativeTarget section */

/* Begin PBXProject section */
		FA545C0C221E8335005EB6E2 /* Project object */ = {
			isa = PBXProject;
			attributes = {
				LastUpgradeCheck = 1010;
				ORGANIZATIONNAME = SiliconStack;
				TargetAttributes = {
					FA545C14221E8335005EB6E2 = {
						CreatedOnToolsVersion = 10.1;
					};
				};
			};
			buildConfigurationList = FA545C0F221E8335005EB6E2 /* Build configuration list for PBXProject "PickFlavor" */;
			compatibilityVersion = "Xcode 9.3";
			developmentRegion = en;
			hasScannedForEncodings = 0;
			knownRegions = (
				en,
				Base,
			);
			mainGroup = FA545C0B221E8335005EB6E2;
			productRefGroup = FA545C16221E8335005EB6E2 /* Products */;
			projectDirPath = "";
			projectRoot = "";
			targets = (
				FA545C14221E8335005EB6E2 /* PickFlavor */,
			);
		};
/* End PBXProject section */

/* Begin PBXResourcesBuildPhase section */
		FA545C13221E8335005EB6E2 /* Resources */ = {
			isa = PBXResourcesBuildPhase;
			buildActionMask = 2147483647;
			files = (
				FA545C3D221E8589005EB6E2 /* Images.xcassets in Resources */,
				FA545C40221E8589005EB6E2 /* Main.storyboard in Resources */,
			);
			runOnlyForDeploymentPostprocessing = 0;
		};
/* End PBXResourcesBuildPhase section */

/* Begin PBXShellScriptBuildPhase section */
		72AF29CA14E074FAC710E16C /* [CP] Check Pods Manifest.lock */ = {
			isa = PBXShellScriptBuildPhase;
			buildActionMask = 2147483647;
			files = (
			);
			inputFileListPaths = (
			);
			inputPaths = (
				"${PODS_PODFILE_DIR_PATH}/Podfile.lock",
				"${PODS_ROOT}/Manifest.lock",
			);
			name = "[CP] Check Pods Manifest.lock";
			outputFileListPaths = (
			);
			outputPaths = (
				"$(DERIVED_FILE_DIR)/Pods-PickFlavor-checkManifestLockResult.txt",
			);
			runOnlyForDeploymentPostprocessing = 0;
			shellPath = /bin/sh;
			shellScript = "diff \"${PODS_PODFILE_DIR_PATH}/Podfile.lock\" \"${PODS_ROOT}/Manifest.lock\" > /dev/null\nif [ $? != 0 ] ; then\n    # print error to STDERR\n    echo \"error: The sandbox is not in sync with the Podfile.lock. Run 'pod install' or update your CocoaPods installation.\" >&2\n    exit 1\nfi\n# This output is used by Xcode 'outputs' to avoid re-running this script phase.\necho \"SUCCESS\" > \"${SCRIPT_OUTPUT_FILE_0}\"\n";
			showEnvVarsInLog = 0;
		};
/* End PBXShellScriptBuildPhase section */

/* Begin PBXSourcesBuildPhase section */
		FA545C11221E8335005EB6E2 /* Sources */ = {
			isa = PBXSourcesBuildPhase;
			buildActionMask = 2147483647;
			files = (
				FA545C39221E8589005EB6E2 /* RGBAColorFromString.swift in Sources */,
				FA545C3C221E8589005EB6E2 /* Flavor.swift in Sources */,
				FA545C3B221E8589005EB6E2 /* PickFlavorDataSource.swift in Sources */,
				FA545C41221E8589005EB6E2 /* IceCreamView.swift in Sources */,
				FA545C3A221E8589005EB6E2 /* PickFlavorViewController.swift in Sources */,
				FA545C3E221E8589005EB6E2 /* ScoopCell.swift in Sources */,
				FA545C3F221E8589005EB6E2 /* ScoopView.swift in Sources */,
			);
			runOnlyForDeploymentPostprocessing = 0;
		};
/* End PBXSourcesBuildPhase section */

/* Begin PBXVariantGroup section */
		FA545C36221E8589005EB6E2 /* Main.storyboard */ = {
			isa = PBXVariantGroup;
			children = (
				FA545C37221E8589005EB6E2 /* Base */,
			);
			name = Main.storyboard;
			sourceTree = "<group>";
		};
/* End PBXVariantGroup section */

/* Begin XCBuildConfiguration section */
		FA545C1B221E8335005EB6E2 /* Debug */ = {
			isa = XCBuildConfiguration;
			buildSettings = {
				ALWAYS_SEARCH_USER_PATHS = NO;
				CLANG_ANALYZER_NONNULL = YES;
				CLANG_ANALYZER_NUMBER_OBJECT_CONVERSION = YES_AGGRESSIVE;
				CLANG_CXX_LANGUAGE_STANDARD = "gnu++14";
				CLANG_CXX_LIBRARY = "libc++";
				CLANG_ENABLE_MODULES = YES;
				CLANG_ENABLE_OBJC_ARC = YES;
				CLANG_ENABLE_OBJC_WEAK = YES;
				CLANG_WARN_BLOCK_CAPTURE_AUTORELEASING = YES;
				CLANG_WARN_BOOL_CONVERSION = YES;
				CLANG_WARN_COMMA = YES;
				CLANG_WARN_CONSTANT_CONVERSION = YES;
				CLANG_WARN_DEPRECATED_OBJC_IMPLEMENTATIONS = YES;
				CLANG_WARN_DIRECT_OBJC_ISA_USAGE = YES_ERROR;
				CLANG_WARN_DOCUMENTATION_COMMENTS = YES;
				CLANG_WARN_EMPTY_BODY = YES;
				CLANG_WARN_ENUM_CONVERSION = YES;
				CLANG_WARN_INFINITE_RECURSION = YES;
				CLANG_WARN_INT_CONVERSION = YES;
				CLANG_WARN_NON_LITERAL_NULL_CONVERSION = YES;
				CLANG_WARN_OBJC_IMPLICIT_RETAIN_SELF = YES;
				CLANG_WARN_OBJC_LITERAL_CONVERSION = YES;
				CLANG_WARN_OBJC_ROOT_CLASS = YES_ERROR;
				CLANG_WARN_RANGE_LOOP_ANALYSIS = YES;
				CLANG_WARN_STRICT_PROTOTYPES = YES;
				CLANG_WARN_SUSPICIOUS_MOVE = YES;
				CLANG_WARN_UNGUARDED_AVAILABILITY = YES_AGGRESSIVE;
				CLANG_WARN_UNREACHABLE_CODE = YES;
				CLANG_WARN__DUPLICATE_METHOD_MATCH = YES;
				CODE_SIGN_IDENTITY = "iPhone Developer";
				COPY_PHASE_STRIP = NO;
				CURRENT_PROJECT_VERSION = 1;
				DEBUG_INFORMATION_FORMAT = dwarf;
				ENABLE_STRICT_OBJC_MSGSEND = YES;
				ENABLE_TESTABILITY = YES;
				GCC_C_LANGUAGE_STANDARD = gnu11;
				GCC_DYNAMIC_NO_PIC = NO;
				GCC_NO_COMMON_BLOCKS = YES;
				GCC_OPTIMIZATION_LEVEL = 0;
				GCC_PREPROCESSOR_DEFINITIONS = (
					"DEBUG=1",
					"$(inherited)",
				);
				GCC_WARN_64_TO_32_BIT_CONVERSION = YES;
				GCC_WARN_ABOUT_RETURN_TYPE = YES_ERROR;
				GCC_WARN_UNDECLARED_SELECTOR = YES;
				GCC_WARN_UNINITIALIZED_AUTOS = YES_AGGRESSIVE;
				GCC_WARN_UNUSED_FUNCTION = YES;
				GCC_WARN_UNUSED_VARIABLE = YES;
				IPHONEOS_DEPLOYMENT_TARGET = 12.1;
				MTL_ENABLE_DEBUG_INFO = INCLUDE_SOURCE;
				MTL_FAST_MATH = YES;
				ONLY_ACTIVE_ARCH = YES;
				SDKROOT = iphoneos;
				SWIFT_ACTIVE_COMPILATION_CONDITIONS = DEBUG;
				SWIFT_OPTIMIZATION_LEVEL = "-Onone";
				VERSIONING_SYSTEM = "apple-generic";
				VERSION_INFO_PREFIX = "";
			};
			name = Debug;
		};
		FA545C1C221E8335005EB6E2 /* Release */ = {
			isa = XCBuildConfiguration;
			buildSettings = {
				ALWAYS_SEARCH_USER_PATHS = NO;
				CLANG_ANALYZER_NONNULL = YES;
				CLANG_ANALYZER_NUMBER_OBJECT_CONVERSION = YES_AGGRESSIVE;
				CLANG_CXX_LANGUAGE_STANDARD = "gnu++14";
				CLANG_CXX_LIBRARY = "libc++";
				CLANG_ENABLE_MODULES = YES;
				CLANG_ENABLE_OBJC_ARC = YES;
				CLANG_ENABLE_OBJC_WEAK = YES;
				CLANG_WARN_BLOCK_CAPTURE_AUTORELEASING = YES;
				CLANG_WARN_BOOL_CONVERSION = YES;
				CLANG_WARN_COMMA = YES;
				CLANG_WARN_CONSTANT_CONVERSION = YES;
				CLANG_WARN_DEPRECATED_OBJC_IMPLEMENTATIONS = YES;
				CLANG_WARN_DIRECT_OBJC_ISA_USAGE = YES_ERROR;
				CLANG_WARN_DOCUMENTATION_COMMENTS = YES;
				CLANG_WARN_EMPTY_BODY = YES;
				CLANG_WARN_ENUM_CONVERSION = YES;
				CLANG_WARN_INFINITE_RECURSION = YES;
				CLANG_WARN_INT_CONVERSION = YES;
				CLANG_WARN_NON_LITERAL_NULL_CONVERSION = YES;
				CLANG_WARN_OBJC_IMPLICIT_RETAIN_SELF = YES;
				CLANG_WARN_OBJC_LITERAL_CONVERSION = YES;
				CLANG_WARN_OBJC_ROOT_CLASS = YES_ERROR;
				CLANG_WARN_RANGE_LOOP_ANALYSIS = YES;
				CLANG_WARN_STRICT_PROTOTYPES = YES;
				CLANG_WARN_SUSPICIOUS_MOVE = YES;
				CLANG_WARN_UNGUARDED_AVAILABILITY = YES_AGGRESSIVE;
				CLANG_WARN_UNREACHABLE_CODE = YES;
				CLANG_WARN__DUPLICATE_METHOD_MATCH = YES;
				CODE_SIGN_IDENTITY = "iPhone Developer";
				COPY_PHASE_STRIP = NO;
				CURRENT_PROJECT_VERSION = 1;
				DEBUG_INFORMATION_FORMAT = "dwarf-with-dsym";
				ENABLE_NS_ASSERTIONS = NO;
				ENABLE_STRICT_OBJC_MSGSEND = YES;
				GCC_C_LANGUAGE_STANDARD = gnu11;
				GCC_NO_COMMON_BLOCKS = YES;
				GCC_WARN_64_TO_32_BIT_CONVERSION = YES;
				GCC_WARN_ABOUT_RETURN_TYPE = YES_ERROR;
				GCC_WARN_UNDECLARED_SELECTOR = YES;
				GCC_WARN_UNINITIALIZED_AUTOS = YES_AGGRESSIVE;
				GCC_WARN_UNUSED_FUNCTION = YES;
				GCC_WARN_UNUSED_VARIABLE = YES;
				IPHONEOS_DEPLOYMENT_TARGET = 12.1;
				MTL_ENABLE_DEBUG_INFO = NO;
				MTL_FAST_MATH = YES;
				SDKROOT = iphoneos;
				SWIFT_COMPILATION_MODE = wholemodule;
				SWIFT_OPTIMIZATION_LEVEL = "-O";
				VALIDATE_PRODUCT = YES;
				VERSIONING_SYSTEM = "apple-generic";
				VERSION_INFO_PREFIX = "";
			};
			name = Release;
		};
		FA545C1E221E8335005EB6E2 /* Debug */ = {
			isa = XCBuildConfiguration;
			baseConfigurationReference = 25FC1CBBDCBEB1C943DF6EBF /* Pods-PickFlavor.debug.xcconfig */;
			buildSettings = {
				CODE_SIGN_IDENTITY = "";
				CODE_SIGN_STYLE = Automatic;
				DEFINES_MODULE = YES;
				DEVELOPMENT_TEAM = FKJVUF69P5;
				DYLIB_COMPATIBILITY_VERSION = 1;
				DYLIB_CURRENT_VERSION = 1;
				DYLIB_INSTALL_NAME_BASE = "@rpath";
				INFOPLIST_FILE = PickFlavor/Info.plist;
				INSTALL_PATH = "$(LOCAL_LIBRARY_DIR)/Frameworks";
				LD_RUNPATH_SEARCH_PATHS = (
					"$(inherited)",
					"@executable_path/Frameworks",
					"@loader_path/Frameworks",
				);
				PRODUCT_BUNDLE_IDENTIFIER = com.siliconstack.PickFlavor;
				PRODUCT_NAME = "$(TARGET_NAME:c99extidentifier)";
				SKIP_INSTALL = YES;
				SWIFT_VERSION = 4.2;
				TARGETED_DEVICE_FAMILY = "1,2";
			};
			name = Debug;
		};
		FA545C1F221E8335005EB6E2 /* Release */ = {
			isa = XCBuildConfiguration;
			baseConfigurationReference = 6E79037840AD878BB0170458 /* Pods-PickFlavor.release.xcconfig */;
			buildSettings = {
				CODE_SIGN_IDENTITY = "";
				CODE_SIGN_STYLE = Automatic;
				DEFINES_MODULE = YES;
				DEVELOPMENT_TEAM = FKJVUF69P5;
				DYLIB_COMPATIBILITY_VERSION = 1;
				DYLIB_CURRENT_VERSION = 1;
				DYLIB_INSTALL_NAME_BASE = "@rpath";
				INFOPLIST_FILE = PickFlavor/Info.plist;
				INSTALL_PATH = "$(LOCAL_LIBRARY_DIR)/Frameworks";
				LD_RUNPATH_SEARCH_PATHS = (
					"$(inherited)",
					"@executable_path/Frameworks",
					"@loader_path/Frameworks",
				);
				PRODUCT_BUNDLE_IDENTIFIER = com.siliconstack.PickFlavor;
				PRODUCT_NAME = "$(TARGET_NAME:c99extidentifier)";
				SKIP_INSTALL = YES;
				SWIFT_VERSION = 4.2;
				TARGETED_DEVICE_FAMILY = "1,2";
			};
			name = Release;
		};
/* End XCBuildConfiguration section */

/* Begin XCConfigurationList section */
		FA545C0F221E8335005EB6E2 /* Build configuration list for PBXProject "PickFlavor" */ = {
			isa = XCConfigurationList;
			buildConfigurations = (
				FA545C1B221E8335005EB6E2 /* Debug */,
				FA545C1C221E8335005EB6E2 /* Release */,
			);
			defaultConfigurationIsVisible = 0;
			defaultConfigurationName = Release;
		};
		FA545C1D221E8335005EB6E2 /* Build configuration list for PBXNativeTarget "PickFlavor" */ = {
			isa = XCConfigurationList;
			buildConfigurations = (
				FA545C1E221E8335005EB6E2 /* Debug */,
				FA545C1F221E8335005EB6E2 /* Release */,
			);
			defaultConfigurationIsVisible = 0;
			defaultConfigurationName = Release;
		};
/* End XCConfigurationList section */
	};
	rootObject = FA545C0C221E8335005EB6E2 /* Project object */;
}
